<?xml version="1.0" encoding="utf-8"?>
<Project ToolsVersion="4.0" xmlns="http://schemas.microsoft.com/developer/msbuild/2003">
  <ItemGroup>
    <Filter Include="Source Files">
      <UniqueIdentifier>{4FC737F1-C7A5-4376-A066-2A32D752A2FF}</UniqueIdentifier>
      <Extensions>cpp;c;cc;cxx;c++;cppm;ixx;def;odl;idl;hpj;bat;asm;asmx</Extensions>
    </Filter>
    <Filter Include="Header Files">
      <UniqueIdentifier>{93995380-89BD-4b04-88EB-625FBE52EBFB}</UniqueIdentifier>
      <Extensions>h;hh;hpp;hxx;h++;hm;inl;inc;ipp;xsd</Extensions>
    </Filter>
    <Filter Include="Resource Files">
      <UniqueIdentifier>{67DA6AB6-F800-4c08-8B7A-83BB121AAD01}</UniqueIdentifier>
      <Extensions>rc;ico;cur;bmp;dlg;rc2;rct;bin;rgs;gif;jpg;jpeg;jpe;resx;tiff;tif;png;wav;mfcribbon-ms</Extensions>
    </Filter>
    <Filter Include="vendor">
      <UniqueIdentifier>{bee34a6f-6344-4d3f-9089-77420e2eb627}</UniqueIdentifier>
    </Filter>
    <Filter Include="vendor\imgui">
      <UniqueIdentifier>{eb4bb0ee-da0d-4194-930b-0d71aae801f6}</UniqueIdentifier>
    </Filter>
    <Filter Include="vendor\discordrpc">
      <UniqueIdentifier>{dee66650-16a2-4838-b1c9-6073b2451bb2}</UniqueIdentifier>
    </Filter>
  </ItemGroup>
  <ItemGroup>
    <ClCompile Include="src\main.cpp">
      <Filter>Source Files</Filter>
    </ClCompile>
    <ClCompile Include="vendor\imgui\imgui_tables.cpp">
      <Filter>vendor\imgui</Filter>
    </ClCompile>
    <ClCompile Include="vendor\imgui\imgui_widgets.cpp">
      <Filter>vendor\imgui</Filter>
    </ClCompile>
    <ClCompile Include="vendor\imgui\imgui.cpp">
      <Filter>vendor\imgui</Filter>
    </ClCompile>
    <ClCompile Include="vendor\imgui\imgui_demo.cpp">
      <Filter>vendor\imgui</Filter>
    </ClCompile>
    <ClCompile Include="vendor\imgui\imgui_draw.cpp">
      <Filter>vendor\imgui</Filter>
    </ClCompile>
    <ClCompile Include="vendor\imgui\backends\imgui_impl_glfw.cpp">
      <Filter>vendor\imgui</Filter>
    </ClCompile>
    <ClCompile Include="vendor\imgui\backends\imgui_impl_opengl3.cpp">
      <Filter>vendor\imgui</Filter>
    </ClCompile>
    <ClCompile Include="src\overlays.cpp">
      <Filter>Source Files</Filter>
    </ClCompile>
    <ClCompile Include="src\assets.cpp">
      <Filter>Source Files</Filter>
    </ClCompile>
    <ClCompile Include="src\launcher.cpp">
      <Filter>Source Files</Filter>
    </ClCompile>
    <ClCompile Include="src\accmem.cpp">
      <Filter>Source Files</Filter>
    </ClCompile>
    <ClCompile Include="vendor\discordrpc\src\connection_win.cpp">
      <Filter>vendor\discordrpc</Filter>
    </ClCompile>
    <ClCompile Include="vendor\discordrpc\src\discord_register_win.cpp">
      <Filter>vendor\discordrpc</Filter>
    </ClCompile>
    <ClCompile Include="vendor\discordrpc\src\discord_rpc.cpp">
      <Filter>vendor\discordrpc</Filter>
    </ClCompile>
    <ClCompile Include="vendor\discordrpc\src\dllmain.cpp">
      <Filter>vendor\discordrpc</Filter>
    </ClCompile>
    <ClCompile Include="vendor\discordrpc\src\rpc_connection.cpp">
      <Filter>vendor\discordrpc</Filter>
    </ClCompile>
    <ClCompile Include="vendor\discordrpc\src\serialization.cpp">
      <Filter>vendor\discordrpc</Filter>
    </ClCompile>
    <ClCompile Include="src\discordRPC.cpp">
      <Filter>Source Files</Filter>
    </ClCompile>
    <ClCompile Include="src\settings.cpp">
      <Filter>Source Files</Filter>
    </ClCompile>
  </ItemGroup>
  <ItemGroup>
    <ClInclude Include="vendor\imgui\imstb_rectpack.h">
      <Filter>vendor\imgui</Filter>
    </ClInclude>
    <ClInclude Include="vendor\imgui\imstb_textedit.h">
      <Filter>vendor\imgui</Filter>
    </ClInclude>
    <ClInclude Include="vendor\imgui\imstb_truetype.h">
      <Filter>vendor\imgui</Filter>
    </ClInclude>
    <ClInclude Include="vendor\imgui\imconfig.h">
      <Filter>vendor\imgui</Filter>
    </ClInclude>
    <ClInclude Include="vendor\imgui\imgui.h">
      <Filter>vendor\imgui</Filter>
    </ClInclude>
    <ClInclude Include="vendor\imgui\imgui_internal.h">
      <Filter>vendor\imgui</Filter>
    </ClInclude>
    <ClInclude Include="vendor\imgui\backends\imgui_impl_opengl3.h">
      <Filter>vendor\imgui</Filter>
    </ClInclude>
    <ClInclude Include="vendor\imgui\backends\imgui_impl_glfw.h">
      <Filter>vendor\imgui</Filter>
    </ClInclude>
    <ClInclude Include="vendor\stb_image.h">
      <Filter>vendor</Filter>
    </ClInclude>
    <ClInclude Include="vendor\IconsFontAwesome5.h">
      <Filter>vendor</Filter>
    </ClInclude>
    <ClInclude Include="resource.h">
      <Filter>Header Files</Filter>
    </ClInclude>
    <ClInclude Include="src\launcher.h">
      <Filter>Header Files</Filter>
    </ClInclude>
    <ClInclude Include="src\assets.h">
      <Filter>Header Files</Filter>
    </ClInclude>
    <ClInclude Include="src\overlays.h">
      <Filter>Header Files</Filter>
    </ClInclude>
    <ClInclude Include="src\SharedFileOut.h">
      <Filter>Header Files</Filter>
    </ClInclude>
    <ClInclude Include="src\accmem.h">
      <Filter>Header Files</Filter>
    </ClInclude>
    <ClInclude Include="vendor\discordrpc\src\backoff.h">
      <Filter>vendor\discordrpc</Filter>
    </ClInclude>
    <ClInclude Include="vendor\discordrpc\src\connection.h">
      <Filter>vendor\discordrpc</Filter>
    </ClInclude>
    <ClInclude Include="vendor\discordrpc\include\discord_register.h">
      <Filter>vendor\discordrpc</Filter>
    </ClInclude>
    <ClInclude Include="vendor\discordrpc\include\discord_rpc.h">
      <Filter>vendor\discordrpc</Filter>
    </ClInclude>
    <ClInclude Include="vendor\discordrpc\src\msg_queue.h">
      <Filter>vendor\discordrpc</Filter>
    </ClInclude>
    <ClInclude Include="vendor\discordrpc\src\rpc_connection.h">
      <Filter>vendor\discordrpc</Filter>
    </ClInclude>
    <ClInclude Include="vendor\discordrpc\src\serialization.h">
      <Filter>vendor\discordrpc</Filter>
    </ClInclude>
    <ClInclude Include="src\DiscordRPC.h">
      <Filter>Header Files</Filter>
    </ClInclude>
    <ClInclude Include="src\main.h">
      <Filter>Header Files</Filter>
    </ClInclude>
    <ClInclude Include="src\Settings.h">
      <Filter>Header Files</Filter>
    </ClInclude>
    <ClInclude Include="vendor\json.hpp">
      <Filter>vendor</Filter>
    </ClInclude>
  </ItemGroup>
  <ItemGroup>
    <ResourceCompile Include="RaceRep.rc">
      <Filter>Resource Files</Filter>
    </ResourceCompile>
  </ItemGroup>
  <ItemGroup>
    <Image Include="logo.ico">
      <Filter>Resource Files</Filter>
    </Image>
  </ItemGroup>
</Project>